
Microsoft Visual Studio Solution File, Format Version 12.00
# Visual Studio 14
VisualStudioVersion = 14.0.25420.1
MinimumVisualStudioVersion = 10.0.40219.1
Project("{2150E333-8FDC-42A3-9474-1A3956D46DE8}") = "src", "src", "{134C3D04-2F24-4D79-887F-029A55381EA6}"
EndProject
Project("{2150E333-8FDC-42A3-9474-1A3956D46DE8}") = "Solution Items", "Solution Items", "{4AF3C907-9336-4982-BE35-53AB0DD015B7}"
	ProjectSection(SolutionItems) = preProject
		global.json = global.json
	EndProjectSection
EndProject
Project("{8BB2217D-0F2D-49D1-97BC-3654ED321F3B}") = "sdlife.web", "src\sdlife.web\sdlife.web.xproj", "{85F8F0C1-E537-4223-8C2C-F26D086715B4}"
EndProject
Project("{2150E333-8FDC-42A3-9474-1A3956D46DE8}") = "test", "test", "{05187A7B-2D3F-4896-B252-43FADFE18D23}"
EndProject
Project("{8BB2217D-0F2D-49D1-97BC-3654ED321F3B}") = "sdlife.web.unittest", "test\sdlife.web.unittest\sdlife.web.unittest.xproj", "{A832C4C2-4E6E-429A-8EEA-D550EF7CE110}"
EndProject
Global
	GlobalSection(SolutionConfigurationPlatforms) = preSolution
		Debug|Any CPU = Debug|Any CPU
		Release|Any CPU = Release|Any CPU
	EndGlobalSection
	GlobalSection(ProjectConfigurationPlatforms) = postSolution
		{85F8F0C1-E537-4223-8C2C-F26D086715B4}.Debug|Any CPU.ActiveCfg = Debug|Any CPU
		{85F8F0C1-E537-4223-8C2C-F26D086715B4}.Debug|Any CPU.Build.0 = Debug|Any CPU
		{85F8F0C1-E537-4223-8C2C-F26D086715B4}.Release|Any CPU.ActiveCfg = Release|Any CPU
		{85F8F0C1-E537-4223-8C2C-F26D086715B4}.Release|Any CPU.Build.0 = Release|Any CPU
		{A832C4C2-4E6E-429A-8EEA-D550EF7CE110}.Debug|Any CPU.ActiveCfg = Debug|Any CPU
		{A832C4C2-4E6E-429A-8EEA-D550EF7CE110}.Debug|Any CPU.Build.0 = Debug|Any CPU
		{A832C4C2-4E6E-429A-8EEA-D550EF7CE110}.Release|Any CPU.ActiveCfg = Release|Any CPU
		{A832C4C2-4E6E-429A-8EEA-D550EF7CE110}.Release|Any CPU.Build.0 = Release|Any CPU
	EndGlobalSection
	GlobalSection(SolutionProperties) = preSolution
		HideSolutionNode = FALSE
	EndGlobalSection
	GlobalSection(NestedProjects) = preSolution
		{85F8F0C1-E537-4223-8C2C-F26D086715B4} = {134C3D04-2F24-4D79-887F-029A55381EA6}
		{A832C4C2-4E6E-429A-8EEA-D550EF7CE110} = {05187A7B-2D3F-4896-B252-43FADFE18D23}
	EndGlobalSection
EndGlobal
