
Microsoft Visual Studio Solution File, Format Version 12.00
# Visual Studio 15
VisualStudioVersion = 15.0.26403.3
MinimumVisualStudioVersion = 10.0.40219.1
Project("{9A19103F-16F7-4668-BE54-9A1E7A4F7556}") = "sdlife.web", "sdlife.web\sdlife.web.csproj", "{67123881-AA10-48BF-A5D6-EB11BD3249A1}"
EndProject
Project("{9A19103F-16F7-4668-BE54-9A1E7A4F7556}") = "sdlife.web.unittest", "sdlife.web.unittest\sdlife.web.unittest.csproj", "{FE382578-E023-426B-9B3D-C14F8F302743}"
EndProject
Global
	GlobalSection(SolutionConfigurationPlatforms) = preSolution
		Debug|Any CPU = Debug|Any CPU
		Release|Any CPU = Release|Any CPU
	EndGlobalSection
	GlobalSection(ProjectConfigurationPlatforms) = postSolution
		{67123881-AA10-48BF-A5D6-EB11BD3249A1}.Debug|Any CPU.ActiveCfg = Debug|Any CPU
		{67123881-AA10-48BF-A5D6-EB11BD3249A1}.Debug|Any CPU.Build.0 = Debug|Any CPU
		{67123881-AA10-48BF-A5D6-EB11BD3249A1}.Release|Any CPU.ActiveCfg = Release|Any CPU
		{67123881-AA10-48BF-A5D6-EB11BD3249A1}.Release|Any CPU.Build.0 = Release|Any CPU
		{FE382578-E023-426B-9B3D-C14F8F302743}.Debug|Any CPU.ActiveCfg = Debug|Any CPU
		{FE382578-E023-426B-9B3D-C14F8F302743}.Debug|Any CPU.Build.0 = Debug|Any CPU
		{FE382578-E023-426B-9B3D-C14F8F302743}.Release|Any CPU.ActiveCfg = Release|Any CPU
		{FE382578-E023-426B-9B3D-C14F8F302743}.Release|Any CPU.Build.0 = Release|Any CPU
	EndGlobalSection
	GlobalSection(SolutionProperties) = preSolution
		HideSolutionNode = FALSE
	EndGlobalSection
EndGlobal
